
Microsoft Visual Studio Solution File, Format Version 12.00
# Visual Studio Version 16
VisualStudioVersion = 16.0.31702.278
MinimumVisualStudioVersion = 10.0.40219.1
Project("{FAE04EC0-301F-11D3-BF4B-00C04F79EFBC}") = "PruebaTecnicaCR", "PruebaTecnicaCR.csproj", "{435CC7A2-3FB0-4FC7-9379-23FF7B40851F}"
EndProject
Global
	GlobalSection(SolutionConfigurationPlatforms) = preSolution
		Debug|Any CPU = Debug|Any CPU
		Release|Any CPU = Release|Any CPU
	EndGlobalSection
	GlobalSection(ProjectConfigurationPlatforms) = postSolution
		{435CC7A2-3FB0-4FC7-9379-23FF7B40851F}.Debug|Any CPU.ActiveCfg = Debug|Any CPU
		{435CC7A2-3FB0-4FC7-9379-23FF7B40851F}.Debug|Any CPU.Build.0 = Debug|Any CPU
		{435CC7A2-3FB0-4FC7-9379-23FF7B40851F}.Release|Any CPU.ActiveCfg = Release|Any CPU
		{435CC7A2-3FB0-4FC7-9379-23FF7B40851F}.Release|Any CPU.Build.0 = Release|Any CPU
	EndGlobalSection
	GlobalSection(SolutionProperties) = preSolution
		HideSolutionNode = FALSE
	EndGlobalSection
	GlobalSection(ExtensibilityGlobals) = postSolution
		SolutionGuid = {E3885052-4B52-4365-976D-CA4569F7A375}
	EndGlobalSection
EndGlobal
